github.com/davecgh/go-spew v1.1.1 h1:vj9j/u1bqnvCEfJOwUhtlOARqs3+rkHYY13jYWTU97c=
github.com/davecgh/go-spew v1.1.1/go.mod h1:J7Y8YcW2NihsgmVo/mv3lAwl/skON4iLHjSsI+c5H38=
github.com/go-telegram-bot-api/telegram-bot-api/v5 v5.5.1 h1:wG8n/XJsL6z4FDB91PQwmcT4EPGrbZ20tXe8Mwl5FIo=
github.com/go-telegram-bot-api/telegram-bot-api/v5 v5.5.1/go.mod h1:A2/3fQ23DVQqFdeZ0+B4Rhi2P6+298ZY2Aag7ZgAn0c=
github.com/joho/godotenv v1.5.1 h1:7eLL/+HRGLY0ldzfGMeQkb7vMd0as4CfYvUVzLqw0N0=
github.com/joho/godotenv v1.5.1/go.mod h1:f4LDrYVo2eTiXmYp9+mqfevo8KwCjKR8BhrP0BfRFM4=
github.com/pmezard/go-difflib v1.0.0 h1:4DBwDE0NGyQoBHbLQYPwSUPoCMWR5BEzIk/f1lZbAQM=
github.com/pmezard/go-difflib v1.0.0/go.mod h1:iKH77koFhYxTK1pcRnkKkqfTogsbg7gZNVY4sRDYZ/4=
github.com/stretchr/testify v1.9.0 h1:HtqpIVDClZ4nwg75+f6Lvsy/wHu+3BoSGCbBAcpTsTg=
github.com/stretchr/testify v1.9.0/go.mod h1:r2ic/lqez/lEtzL7wO/rwa5dbSLXVDPFyf8C91i36aY=
golang.org/x/mod v0.14.0 h1:dGoOF9QVRLngYwG4ksN6Xq7lKeZzJSrTlMaWvTL3wW0=
golang.org/x/mod v0.14.0/go.mod h1:hTbmBsO62+eylJbnUtE2MGJUyE7QWk4xUqPFrRgJ+7M=
golang.org/x/sys v0.16.0 h1:xWw16ngr6ZMtmxDyKyIgsE93KN6P9q1FPzP70R0bw9s=
golang.org/x/sys v0.16.0/go.mod h1:/VUhepiaJMQUp4+oa/7Zr1D23ma6VTLIYjOOTFZPUcA=
golang.org/x/tools v0.17.0 h1:FvmRgNOcs3kOa+T20R1uoi9riYCGK5pOHZNkAqIqyvo=
golang.org/x/tools v0.17.0/go.mod h1:xsh6Qxd/6tT0q7fDmiKeEvXg/FM/ywYq+DMwgB3gB5YY=
modernc.org/sqlite v1.29.0 h1:gL3sN8+2fP+UwfbSd2ie+mw6BY0jxGufP34zWsK1+6w=
modernc.org/sqlite v1.29.0/go.mod h1:It4NbnF4pWv6uDSsT2iojIt+Gc3n91b/+0T/ok6O3uU=
